
Microsoft Visual Studio Solution File, Format Version 12.00
# Visual Studio Version 17
VisualStudioVersion = 17.8.34330.188
MinimumVisualStudioVersion = 10.0.40219.1
Project("{FAE04EC0-301F-11D3-BF4B-00C04F79EFBC}") = "Ispit", "Ispit\Ispit.csproj", "{C9850792-8867-4084-825B-71A8067B41AA}"
EndProject
Global
	GlobalSection(SolutionConfigurationPlatforms) = preSolution
		Debug|Any CPU = Debug|Any CPU
		Release|Any CPU = Release|Any CPU
	EndGlobalSection
	GlobalSection(ProjectConfigurationPlatforms) = postSolution
		{C9850792-8867-4084-825B-71A8067B41AA}.Debug|Any CPU.ActiveCfg = Debug|Any CPU
		{C9850792-8867-4084-825B-71A8067B41AA}.Debug|Any CPU.Build.0 = Debug|Any CPU
		{C9850792-8867-4084-825B-71A8067B41AA}.Release|Any CPU.ActiveCfg = Release|Any CPU
		{C9850792-8867-4084-825B-71A8067B41AA}.Release|Any CPU.Build.0 = Release|Any CPU
	EndGlobalSection
	GlobalSection(SolutionProperties) = preSolution
		HideSolutionNode = FALSE
	EndGlobalSection
	GlobalSection(ExtensibilityGlobals) = postSolution
		SolutionGuid = {D5041D01-A8C6-4B38-8E30-631A9459666E}
	EndGlobalSection
EndGlobal
